version = 1
revision = 1
requires-python = ">=3.11"

[[package]]
name = "click"
version = "8.2.0"
source = { registry = "https://pypi.org/simple" }
dependencies = [
    { name = "colorama", marker = "sys_platform == 'win32'" },
]
sdist = { url = "https://files.pythonhosted.org/packages/cd/0f/62ca20172d4f87d93cf89665fbaedcd560ac48b465bd1d92bfc7ea6b0a41/click-8.2.0.tar.gz", hash = "sha256:f5452aeddd9988eefa20f90f05ab66f17fce1ee2a36907fd30b05bbb5953814d", size = 235857 }
wheels = [
    { url = "https://files.pythonhosted.org/packages/a2/58/1f37bf81e3c689cc74ffa42102fa8915b59085f54a6e4a80bc6265c0f6bf/click-8.2.0-py3-none-any.whl", hash = "sha256:6b303f0b2aa85f1cb4e5303078fadcbcd4e476f114fab9b5007005711839325c", size = 102156 },
]

[[package]]
name = "colorama"
version = "0.4.6"
source = { registry = "https://pypi.org/simple" }
sdist = { url = "https://files.pythonhosted.org/packages/d8/53/6f443c9a4a8358a93a6792e2acffb9d9d5cb0a5cfd8802644b7b1c9a02e4/colorama-0.4.6.tar.gz", hash = "sha256:08695f5cb7ed6e0531a20572697297273c47b8cae5a63ffc6d6ed5c201be6e44", size = 27697 }
wheels = [
    { url = "https://files.pythonhosted.org/packages/d1/d6/3965ed04c63042e047cb6a3e6ed1a63a35087b6a609aa3a15ed8ac56c221/colorama-0.4.6-py2.py3-none-any.whl", hash = "sha256:4f1d9991f5acc0ca119f9d443620b77f9d6b33703e51011c16baf57afb285fc6", size = 25335 },
]

[[package]]
name = "deccp"
version = "0.1.0"
source = { editable = "." }
dependencies = [
    { name = "uncompyle6" },
    { name = "xdis" },
]

[package.dev-dependencies]
dev = [
    { name = "ruff" },
    { name = "ty" },
]

[package.metadata]
requires-dist = [
    { name = "uncompyle6", specifier = ">=3.9.2" },
    { name = "xdis", specifier = ">=6.1.3" },
]

[package.metadata.requires-dev]
dev = [
    { name = "ruff", specifier = ">=0.11.10" },
    { name = "ty", specifier = ">=0.0.1a5" },
]

[[package]]
name = "ruff"
version = "0.11.10"
source = { registry = "https://pypi.org/simple" }
sdist = { url = "https://files.pythonhosted.org/packages/e8/4c/4a3c5a97faaae6b428b336dcca81d03ad04779f8072c267ad2bd860126bf/ruff-0.11.10.tar.gz", hash = "sha256:d522fb204b4959909ecac47da02830daec102eeb100fb50ea9554818d47a5fa6", size = 4165632 }
wheels = [
    { url = "https://files.pythonhosted.org/packages/2f/9f/596c628f8824a2ce4cd12b0f0b4c0629a62dfffc5d0f742c19a1d71be108/ruff-0.11.10-py3-none-linux_armv6l.whl", hash = "sha256:859a7bfa7bc8888abbea31ef8a2b411714e6a80f0d173c2a82f9041ed6b50f58", size = 10316243 },
    { url = "https://files.pythonhosted.org/packages/3c/38/c1e0b77ab58b426f8c332c1d1d3432d9fc9a9ea622806e208220cb133c9e/ruff-0.11.10-py3-none-macosx_10_12_x86_64.whl", hash = "sha256:968220a57e09ea5e4fd48ed1c646419961a0570727c7e069842edd018ee8afed", size = 11083636 },
    { url = "https://files.pythonhosted.org/packages/23/41/b75e15961d6047d7fe1b13886e56e8413be8467a4e1be0a07f3b303cd65a/ruff-0.11.10-py3-none-macosx_11_0_arm64.whl", hash = "sha256:1067245bad978e7aa7b22f67113ecc6eb241dca0d9b696144256c3a879663bca", size = 10441624 },
    { url = "https://files.pythonhosted.org/packages/b6/2c/e396b6703f131406db1811ea3d746f29d91b41bbd43ad572fea30da1435d/ruff-0.11.10-py3-none-manylinux_2_17_aarch64.manylinux2014_aarch64.whl", hash = "sha256:f4854fd09c7aed5b1590e996a81aeff0c9ff51378b084eb5a0b9cd9518e6cff2", size = 10624358 },
    { url = "https://files.pythonhosted.org/packages/bd/8c/ee6cca8bdaf0f9a3704796022851a33cd37d1340bceaf4f6e991eb164e2e/ruff-0.11.10-py3-none-manylinux_2_17_armv7l.manylinux2014_armv7l.whl", hash = "sha256:8b4564e9f99168c0f9195a0fd5fa5928004b33b377137f978055e40008a082c5", size = 10176850 },
    { url = "https://files.pythonhosted.org/packages/e9/ce/4e27e131a434321b3b7c66512c3ee7505b446eb1c8a80777c023f7e876e6/ruff-0.11.10-py3-none-manylinux_2_17_i686.manylinux2014_i686.whl", hash = "sha256:5b6a9cc5b62c03cc1fea0044ed8576379dbaf751d5503d718c973d5418483641", size = 11759787 },
    { url = "https://files.pythonhosted.org/packages/58/de/1e2e77fc72adc7cf5b5123fd04a59ed329651d3eab9825674a9e640b100b/ruff-0.11.10-py3-none-manylinux_2_17_ppc64.manylinux2014_ppc64.whl", hash = "sha256:607ecbb6f03e44c9e0a93aedacb17b4eb4f3563d00e8b474298a201622677947", size = 12430479 },
    { url = "https://files.pythonhosted.org/packages/07/ed/af0f2340f33b70d50121628ef175523cc4c37619e98d98748c85764c8d88/ruff-0.11.10-py3-none-manylinux_2_17_ppc64le.manylinux2014_ppc64le.whl", hash = "sha256:7b3a522fa389402cd2137df9ddefe848f727250535c70dafa840badffb56b7a4", size = 11919760 },
    { url = "https://files.pythonhosted.org/packages/24/09/d7b3d3226d535cb89234390f418d10e00a157b6c4a06dfbe723e9322cb7d/ruff-0.11.10-py3-none-manylinux_2_17_s390x.manylinux2014_s390x.whl", hash = "sha256:2f071b0deed7e9245d5820dac235cbdd4ef99d7b12ff04c330a241ad3534319f", size = 14041747 },
    { url = "https://files.pythonhosted.org/packages/62/b3/a63b4e91850e3f47f78795e6630ee9266cb6963de8f0191600289c2bb8f4/ruff-0.11.10-py3-none-manylinux_2_17_x86_64.manylinux2014_x86_64.whl", hash = "sha256:4a60e3a0a617eafba1f2e4186d827759d65348fa53708ca547e384db28406a0b", size = 11550657 },
    { url = "https://files.pythonhosted.org/packages/46/63/a4f95c241d79402ccdbdb1d823d156c89fbb36ebfc4289dce092e6c0aa8f/ruff-0.11.10-py3-none-musllinux_1_2_aarch64.whl", hash = "sha256:da8ec977eaa4b7bf75470fb575bea2cb41a0e07c7ea9d5a0a97d13dbca697bf2", size = 10489671 },
    { url = "https://files.pythonhosted.org/packages/6a/9b/c2238bfebf1e473495659c523d50b1685258b6345d5ab0b418ca3f010cd7/ruff-0.11.10-py3-none-musllinux_1_2_armv7l.whl", hash = "sha256:ddf8967e08227d1bd95cc0851ef80d2ad9c7c0c5aab1eba31db49cf0a7b99523", size = 10160135 },
    { url = "https://files.pythonhosted.org/packages/ba/ef/ba7251dd15206688dbfba7d413c0312e94df3b31b08f5d695580b755a899/ruff-0.11.10-py3-none-musllinux_1_2_i686.whl", hash = "sha256:5a94acf798a82db188f6f36575d80609072b032105d114b0f98661e1679c9125", size = 11170179 },
    { url = "https://files.pythonhosted.org/packages/73/9f/5c336717293203ba275dbfa2ea16e49b29a9fd9a0ea8b6febfc17e133577/ruff-0.11.10-py3-none-musllinux_1_2_x86_64.whl", hash = "sha256:3afead355f1d16d95630df28d4ba17fb2cb9c8dfac8d21ced14984121f639bad", size = 11626021 },
    { url = "https://files.pythonhosted.org/packages/d9/2b/162fa86d2639076667c9aa59196c020dc6d7023ac8f342416c2f5ec4bda0/ruff-0.11.10-py3-none-win32.whl", hash = "sha256:dc061a98d32a97211af7e7f3fa1d4ca2fcf919fb96c28f39551f35fc55bdbc19", size = 10494958 },
    { url = "https://files.pythonhosted.org/packages/24/f3/66643d8f32f50a4b0d09a4832b7d919145ee2b944d43e604fbd7c144d175/ruff-0.11.10-py3-none-win_amd64.whl", hash = "sha256:5cc725fbb4d25b0f185cb42df07ab6b76c4489b4bfb740a175f3a59c70e8a224", size = 11650285 },
    { url = "https://files.pythonhosted.org/packages/95/3a/2e8704d19f376c799748ff9cb041225c1d59f3e7711bc5596c8cfdc24925/ruff-0.11.10-py3-none-win_arm64.whl", hash = "sha256:ef69637b35fb8b210743926778d0e45e1bffa850a7c61e428c6b971549b5f5d1", size = 10765278 },
]

[[package]]
name = "six"
version = "1.17.0"
source = { registry = "https://pypi.org/simple" }
sdist = { url = "https://files.pythonhosted.org/packages/94/e7/b2c673351809dca68a0e064b6af791aa332cf192da575fd474ed7d6f16a2/six-1.17.0.tar.gz", hash = "sha256:ff70335d468e7eb6ec65b95b99d3a2836546063f63acc5171de367e834932a81", size = 34031 }
wheels = [
    { url = "https://files.pythonhosted.org/packages/b7/ce/149a00dd41f10bc29e5921b496af8b574d8413afcd5e30dfa0ed46c2cc5e/six-1.17.0-py2.py3-none-any.whl", hash = "sha256:4721f391ed90541fddacab5acf947aa0d3dc7d27b2e1e8eda2be8970586c3274", size = 11050 },
]

[[package]]
name = "spark-parser"
version = "1.8.9"
source = { registry = "https://pypi.org/simple" }
dependencies = [
    { name = "click" },
]
sdist = { url = "https://files.pythonhosted.org/packages/d4/ec/eb81227524ce6991cb2ea0e5570804b569c118e6ceb58d205059b6777fda/spark_parser-1.8.9.tar.gz", hash = "sha256:a7bb97b97953fb8bf0cd8158d820b6467ef1e7f747738e82248ae4c824f1e25a", size = 118345 }
wheels = [
    { url = "https://files.pythonhosted.org/packages/e1/c3/745adc57618998882a6e120cedebfba6ebf76aa9052c8b89e49c0fe47c2e/spark_parser-1.8.9-py3-none-any.whl", hash = "sha256:e4d366116268010100f054ebda99b3b880c64e4b0aa3d58629ec79e6d033b077", size = 17985 },
    { url = "https://files.pythonhosted.org/packages/49/14/d2e92845c424583a14a2ddd44d46dd0ca176e7a8cacd06095e5c0877d0cd/spark_parser-1.8.9-py38-none-any.whl", hash = "sha256:0a96852dacfbe3a267bba6c9ebc1fcab8904158a5045107267e310e8d18919e5", size = 18048 },
]

[[package]]
name = "ty"
version = "0.0.1a5"
source = { registry = "https://pypi.org/simple" }
sdist = { url = "https://files.pythonhosted.org/packages/cc/c4/ad8419964f507ab2063b948fa0020a5b2050ca255ed23a32dd1f2ab7a2e8/ty-0.0.1a5.tar.gz", hash = "sha256:7a2e7a1c0174e3328132dd74a2a7fba7d8ee2f5fea8b37618b3a411b2d40177b", size = 2877650 }
wheels = [
    { url = "https://files.pythonhosted.org/packages/c7/a3/29b0ea48bd720608a996410850cb6c35fa6147f6bcac711b49cc8000b89e/ty-0.0.1a5-py3-none-linux_armv6l.whl", hash = "sha256:b8b385a81dadddd1197cfb6c891662962c67e95395fe2d814bd82b15aa5c19d1", size = 6182352 },
    { url = "https://files.pythonhosted.org/packages/10/63/b1b190300aed42e0cd531b0b760b3cee41bc255e5ddf3918a3848775f8a6/ty-0.0.1a5-py3-none-macosx_10_12_x86_64.whl", hash = "sha256:30d1f6d17d537bad1500456c022da16def10fefad6dd3c9223cfde7ee329ac5a", size = 6281271 },
    { url = "https://files.pythonhosted.org/packages/56/6a/932f3da4c013279912c24a3cf908637e22321ea276b9d676741bd6b4242a/ty-0.0.1a5-py3-none-macosx_11_0_arm64.whl", hash = "sha256:e13583a89189546d6efff8579d3a2275c9a6721cc2a1b31af2d5d0160d92ef1f", size = 5958618 },
    { url = "https://files.pythonhosted.org/packages/ba/3c/157b7a2f956a591695987878106ebd28b382415b5caff6b462fd84abaad2/ty-0.0.1a5-py3-none-manylinux_2_17_aarch64.manylinux2014_aarch64.whl", hash = "sha256:f270d5e53eda1469ec6a642b2216634d0390f02cb5eea0ba96f32914cecd83b6", size = 6088477 },
    { url = "https://files.pythonhosted.org/packages/9c/74/e783e6cf3e862befe24ac03c2c693ec5f8abb3b6fd54b6b11a3cbb659639/ty-0.0.1a5-py3-none-manylinux_2_17_armv7l.manylinux2014_armv7l.whl", hash = "sha256:1aab2caa2c324cb070e62ae3bb5ad66b511b83f169d7198bf54ec9823fc33c70", size = 6065665 },
    { url = "https://files.pythonhosted.org/packages/20/09/0baebfc35d39b94bb083adb3ef982dcf23ad94370b7a526f4eeef3ae3418/ty-0.0.1a5-py3-none-manylinux_2_17_i686.manylinux2014_i686.whl", hash = "sha256:57f5696758c677a6ebbb65ee060356b37983437b6837ee8283e057f293cc600a", size = 6769220 },
    { url = "https://files.pythonhosted.org/packages/8b/45/1acd64cecda7e42446f5581a1e40c4f6dc59adfbbd2ae50137ff31ab0b35/ty-0.0.1a5-py3-none-manylinux_2_17_ppc64.manylinux2014_ppc64.whl", hash = "sha256:44fbf69d395db013732a1aa3a2fa1ace008785182ee573117f8900b577389bfa", size = 7175984 },
    { url = "https://files.pythonhosted.org/packages/a0/12/c17d30079e4ce4cc7b91556078f15dcfb17ad4f1966113fc11f77f94b222/ty-0.0.1a5-py3-none-manylinux_2_17_ppc64le.manylinux2014_ppc64le.whl", hash = "sha256:8ed2e066af628629e2c444b411ddae953307f2484216bb58f2c96dcfaedbd59a", size = 6843732 },
    { url = "https://files.pythonhosted.org/packages/5a/c7/8856825d4369591d23ab18429c059c8618555062252ddff1d174fae5b57a/ty-0.0.1a5-py3-none-manylinux_2_17_s390x.manylinux2014_s390x.whl", hash = "sha256:710db3ca64252ec02b934f95cc3a7dfdb7b52af686b01fffd0b7c718dc91055a", size = 6757123 },
    { url = "https://files.pythonhosted.org/packages/d8/1e/d73723137b9ab5b10f2e560d10cb5173af4824694118f87879268dc4b6c7/ty-0.0.1a5-py3-none-manylinux_2_17_x86_64.manylinux2014_x86_64.whl", hash = "sha256:b38e1dcfdc6ceb6c2fefc7a508b1e98e110b1bd33912f209530ff0f28035f95e", size = 6554195 },
    { url = "https://files.pythonhosted.org/packages/17/93/034c46fb1d16fe1b856b10d232a00af0c23d5c4527c6c420c7e76c23ab53/ty-0.0.1a5-py3-none-musllinux_1_2_aarch64.whl", hash = "sha256:20ceddee48797f6118343d8657faf52bd0b7a872113f04dfdb349485d269cab6", size = 6004497 },
    { url = "https://files.pythonhosted.org/packages/6e/9e/de2e01f287d2b0158948e0c9dab5c5296b7bbef36536ec0ff0b5ca46a0da/ty-0.0.1a5-py3-none-musllinux_1_2_armv7l.whl", hash = "sha256:43a0408474fcb714795ee662af45e0a0bd821cac7cbc8f746644011dbc80fa70", size = 6088661 },
    { url = "https://files.pythonhosted.org/packages/dc/2d/17e0660d49b550393b637a025285f93df7201a49f1e6f5a42a7ade1f6397/ty-0.0.1a5-py3-none-musllinux_1_2_i686.whl", hash = "sha256:8289c2f9ff5281e99568d869c7189d9292cfa534b47b01bd8322680039469eba", size = 6474732 },
    { url = "https://files.pythonhosted.org/packages/f3/5b/58257d196c5d9bf8de24cbfafc14fc0fa5e0a6e944dd6575b37823c50b25/ty-0.0.1a5-py3-none-musllinux_1_2_x86_64.whl", hash = "sha256:c85deeed7b1aed13701798199a17b3558cc211db119dac9245e3923641e7bad2", size = 6617836 },
    { url = "https://files.pythonhosted.org/packages/d1/b3/988b12b7f481156c74cff009e4cf2893c02deb7c4f0692067b8299583e60/ty-0.0.1a5-py3-none-win32.whl", hash = "sha256:4325199aa550c1b9851e22b47096fd176208f36e5043d69516e04ea425b81c22", size = 5895625 },
    { url = "https://files.pythonhosted.org/packages/9a/c2/6ad50d901e7a17381acf9ec930fcc411cec4f1b9aca412096d51ba514aaa/ty-0.0.1a5-py3-none-win_amd64.whl", hash = "sha256:5cce28ed6915ef9fee17e8c9e1074d17c268af7b353c75a5e9af03d6d651e811", size = 6362697 },
    { url = "https://files.pythonhosted.org/packages/07/a6/297bec904996e257a93900806127a68b747f9f79e7f95f0d5af6640eb0c2/ty-0.0.1a5-py3-none-win_arm64.whl", hash = "sha256:474f8d045e6c56ef28a7bb0cc5d4d9e867b359c7bcb25ef34bf92f573e344a80", size = 6020697 },
]

[[package]]
name = "uncompyle6"
version = "3.9.2"
source = { registry = "https://pypi.org/simple" }
dependencies = [
    { name = "click" },
    { name = "spark-parser" },
    { name = "xdis" },
]
sdist = { url = "https://files.pythonhosted.org/packages/87/e0/5833832d47492e53bdc04de69c924c01a30144ce1277363e318aa0f0ce7d/uncompyle6-3.9.2.tar.gz", hash = "sha256:6f70980ffe08a64b114b6871832fd02d86c99035f8976a8f1f8121dad6fca425", size = 2500020 }
wheels = [
    { url = "https://files.pythonhosted.org/packages/91/a9/5b42f33c1d39dc5e1c9197ec1046cbe6d98efb74947b70be833099a30c62/uncompyle6-3.9.2-py3-none-any.whl", hash = "sha256:cf699888b7198b896fbd33208cc3dbc81cdc59018fede7b90694d6a3cd30fd59", size = 358789 },
]

[[package]]
name = "xdis"
version = "6.1.3"
source = { registry = "https://pypi.org/simple" }
dependencies = [
    { name = "click" },
    { name = "six" },
]
sdist = { url = "https://files.pythonhosted.org/packages/66/eb/60217c9ef49001a65dd2039b639421a659125a10a6af95548d54b7b7125e/xdis-6.1.3.tar.gz", hash = "sha256:0faa662e7a84da6d8d8fe08b3a294039c2ac655768db9760a866bb4dd36b2ef9", size = 436490 }
wheels = [
    { url = "https://files.pythonhosted.org/packages/7e/4f/cf762c66ed5a4e124c044a19c7a1e6d80e07dade2755482b7e7ca847df5f/xdis-6.1.3-py310-none-any.whl", hash = "sha256:f7749bdd4da77aba8144b72c7a31e55a24b8fa353b6b11f829487f4853cba43e", size = 223827 },
    { url = "https://files.pythonhosted.org/packages/70/fb/0b70d3a1433e0802bb06a3458d550009e354e440f6db84113f3fe54c61f3/xdis-6.1.3-py312-none-any.whl", hash = "sha256:b1b25331547206a3cf28b5ac274fc5966353cebd81e14357f53abb3ee1853215", size = 188033 },
    { url = "https://files.pythonhosted.org/packages/79/40/39016116af1ae7b647592c331f62b3da2cf95c8e96ec6bd34f26ecf3b07f/xdis-6.1.3-py36-none-any.whl", hash = "sha256:880d763fd8258332d98e19d665050e280f102246aeffa107424639ddabe18829", size = 223850 },
    { url = "https://files.pythonhosted.org/packages/e7/4c/f087fbef702420bdd4406ab2af727f4106f285e1c1d9feeddef3eaed4747/xdis-6.1.3-py37-none-any.whl", hash = "sha256:3dcfbdca383190082e504af8d41a44a85fa89a5169f3315f0e83cfece036433d", size = 223824 },
    { url = "https://files.pythonhosted.org/packages/e4/39/ff70647e5848c9aeb868aa142914c40e3b5b8ff36164ed751029881317d0/xdis-6.1.3-py38-none-any.whl", hash = "sha256:355583f310a4e8549ac2522c843e4bec926fba5e998e68087c679e7592ca9954", size = 223829 },
    { url = "https://files.pythonhosted.org/packages/26/64/534565fa6c36b2ac165094093b18195e0e9482c5872effdc2453329fd7d9/xdis-6.1.3-py39-none-any.whl", hash = "sha256:c525d3be0c55f8eeb7eb0908a31ff4a4e5cfffd77eeeee68ff2ae966b377d6d7", size = 223846 },
]
